
Microsoft Visual Studio Solution File, Format Version 12.00
# Visual Studio Version 16
VisualStudioVersion = 16.0.29911.84
MinimumVisualStudioVersion = 10.0.40219.1
Project("{9A19103F-16F7-4668-BE54-9A1E7A4F7556}") = "NBA.Client", "NBA.Client\NBA.Client.csproj", "{3AFB3808-1CDD-49AF-95CC-8CC23D3A8B76}"
EndProject
Project("{FAE04EC0-301F-11D3-BF4B-00C04F79EFBC}") = "NBA.Client.Tests", "NBA.Client.Tests\NBA.Client.Tests.csproj", "{4F32EBA5-2723-4096-8EC2-CE4BBC330311}"
EndProject
Global
	GlobalSection(SolutionConfigurationPlatforms) = preSolution
		Debug|Any CPU = Debug|Any CPU
		Release|Any CPU = Release|Any CPU
	EndGlobalSection
	GlobalSection(ProjectConfigurationPlatforms) = postSolution
		{3AFB3808-1CDD-49AF-95CC-8CC23D3A8B76}.Debug|Any CPU.ActiveCfg = Debug|Any CPU
		{3AFB3808-1CDD-49AF-95CC-8CC23D3A8B76}.Debug|Any CPU.Build.0 = Debug|Any CPU
		{3AFB3808-1CDD-49AF-95CC-8CC23D3A8B76}.Release|Any CPU.ActiveCfg = Release|Any CPU
		{3AFB3808-1CDD-49AF-95CC-8CC23D3A8B76}.Release|Any CPU.Build.0 = Release|Any CPU
		{4F32EBA5-2723-4096-8EC2-CE4BBC330311}.Debug|Any CPU.ActiveCfg = Debug|Any CPU
		{4F32EBA5-2723-4096-8EC2-CE4BBC330311}.Debug|Any CPU.Build.0 = Debug|Any CPU
		{4F32EBA5-2723-4096-8EC2-CE4BBC330311}.Release|Any CPU.ActiveCfg = Release|Any CPU
		{4F32EBA5-2723-4096-8EC2-CE4BBC330311}.Release|Any CPU.Build.0 = Release|Any CPU
	EndGlobalSection
	GlobalSection(SolutionProperties) = preSolution
		HideSolutionNode = FALSE
	EndGlobalSection
	GlobalSection(ExtensibilityGlobals) = postSolution
		SolutionGuid = {748E6885-300B-41D0-AC9D-A3986250621D}
	EndGlobalSection
EndGlobal
